
Microsoft Visual Studio Solution File, Format Version 12.00
# Visual Studio Version 17
VisualStudioVersion = 17.8.34525.116
MinimumVisualStudioVersion = 10.0.40219.1
Project("{9A19103F-16F7-4668-BE54-9A1E7A4F7556}") = "RecuritmentSystem", "RecuritmentSystem\RecuritmentSystem.csproj", "{9C52A0BC-D817-48AF-BFD9-2A8334F7BAB8}"
EndProject
Global
	GlobalSection(SolutionConfigurationPlatforms) = preSolution
		Debug|Any CPU = Debug|Any CPU
		Release|Any CPU = Release|Any CPU
	EndGlobalSection
	GlobalSection(ProjectConfigurationPlatforms) = postSolution
		{9C52A0BC-D817-48AF-BFD9-2A8334F7BAB8}.Debug|Any CPU.ActiveCfg = Debug|Any CPU
		{9C52A0BC-D817-48AF-BFD9-2A8334F7BAB8}.Debug|Any CPU.Build.0 = Debug|Any CPU
		{9C52A0BC-D817-48AF-BFD9-2A8334F7BAB8}.Release|Any CPU.ActiveCfg = Release|Any CPU
		{9C52A0BC-D817-48AF-BFD9-2A8334F7BAB8}.Release|Any CPU.Build.0 = Release|Any CPU
	EndGlobalSection
	GlobalSection(SolutionProperties) = preSolution
		HideSolutionNode = FALSE
	EndGlobalSection
	GlobalSection(ExtensibilityGlobals) = postSolution
		SolutionGuid = {1090DCAA-D4D9-4CCA-B7F5-3B6C832146EE}
	EndGlobalSection
EndGlobal
